
Microsoft Visual Studio Solution File, Format Version 12.00
# Visual Studio Version 18
VisualStudioVersion = 18.0.11222.15 d18.0
MinimumVisualStudioVersion = 10.0.40219.1
Project("{FAE04EC0-301F-11D3-BF4B-00C04F79EFBC}") = "CenterDevice.SampleApp", "CenterDevice.SampleApp\CenterDevice.SampleApp.csproj", "{2FBE013B-7B2B-410B-9667-DFB060EBC82E}"
EndProject
Project("{9A19103F-16F7-4668-BE54-9A1E7A4F7556}") = "CenterDevice.Rest", "CenterDevice.Rest\CenterDevice.Rest.csproj", "{B707CEDF-DECB-4E3B-B282-79C42C0A1D94}"
EndProject
Project("{FAE04EC0-301F-11D3-BF4B-00C04F79EFBC}") = "Teamwork.SampleApp", "Scopevisio.Teamwork.SampleApp\Teamwork.SampleApp.csproj", "{E819EFA9-0B04-464E-80C9-27A84ECF9EB8}"
EndProject
Project("{9A19103F-16F7-4668-BE54-9A1E7A4F7556}") = "CompuMaster.Scopevisio.Teamwork.MiniClone", "Scopevisio.Teamwork\CompuMaster.Scopevisio.Teamwork.MiniClone.csproj", "{1878F1A6-B870-4AD4-AC7A-62430667740F}"
EndProject
Project("{778DAE3C-4631-46EA-AA77-85C1314464D9}") = "CenterDevice.Teamwork.Test", "Scopevisio.Teamwork.Test\CenterDevice.Teamwork.Test.vbproj", "{A3DD8AEF-9B08-43AF-9AA7-074F653C0CDF}"
EndProject
Project("{2150E333-8FDC-42A3-9474-1A3956D46DE8}") = "Projektmappenelemente", "Projektmappenelemente", "{62211928-63FE-4EEF-9019-291E9AFD65F4}"
	ProjectSection(SolutionItems) = preProject
		.github\workflows\BuildAndTest.yml = .github\workflows\BuildAndTest.yml
		.github\workflows\PublishRelease.yml = .github\workflows\PublishRelease.yml
		README.md = README.md
		.github\workflows\WeeklyBuildAndTest.yml = .github\workflows\WeeklyBuildAndTest.yml
	EndProjectSection
EndProject
Global
	GlobalSection(SolutionConfigurationPlatforms) = preSolution
		CI_CD|Any CPU = CI_CD|Any CPU
		CI_CD|x64 = CI_CD|x64
		CI_CD|x86 = CI_CD|x86
		Debug|Any CPU = Debug|Any CPU
		Debug|x64 = Debug|x64
		Debug|x86 = Debug|x86
		Release|Any CPU = Release|Any CPU
		Release|x64 = Release|x64
		Release|x86 = Release|x86
	EndGlobalSection
	GlobalSection(ProjectConfigurationPlatforms) = postSolution
		{2FBE013B-7B2B-410B-9667-DFB060EBC82E}.CI_CD|Any CPU.ActiveCfg = Release|Any CPU
		{2FBE013B-7B2B-410B-9667-DFB060EBC82E}.CI_CD|x64.ActiveCfg = Release|Any CPU
		{2FBE013B-7B2B-410B-9667-DFB060EBC82E}.CI_CD|x64.Build.0 = Release|Any CPU
		{2FBE013B-7B2B-410B-9667-DFB060EBC82E}.CI_CD|x86.ActiveCfg = Release|Any CPU
		{2FBE013B-7B2B-410B-9667-DFB060EBC82E}.CI_CD|x86.Build.0 = Release|Any CPU
		{2FBE013B-7B2B-410B-9667-DFB060EBC82E}.Debug|Any CPU.ActiveCfg = Debug|Any CPU
		{2FBE013B-7B2B-410B-9667-DFB060EBC82E}.Debug|Any CPU.Build.0 = Debug|Any CPU
		{2FBE013B-7B2B-410B-9667-DFB060EBC82E}.Debug|x64.ActiveCfg = Debug|Any CPU
		{2FBE013B-7B2B-410B-9667-DFB060EBC82E}.Debug|x64.Build.0 = Debug|Any CPU
		{2FBE013B-7B2B-410B-9667-DFB060EBC82E}.Debug|x86.ActiveCfg = Debug|Any CPU
		{2FBE013B-7B2B-410B-9667-DFB060EBC82E}.Debug|x86.Build.0 = Debug|Any CPU
		{2FBE013B-7B2B-410B-9667-DFB060EBC82E}.Release|Any CPU.ActiveCfg = Release|Any CPU
		{2FBE013B-7B2B-410B-9667-DFB060EBC82E}.Release|Any CPU.Build.0 = Release|Any CPU
		{2FBE013B-7B2B-410B-9667-DFB060EBC82E}.Release|x64.ActiveCfg = Release|Any CPU
		{2FBE013B-7B2B-410B-9667-DFB060EBC82E}.Release|x64.Build.0 = Release|Any CPU
		{2FBE013B-7B2B-410B-9667-DFB060EBC82E}.Release|x86.ActiveCfg = Release|Any CPU
		{2FBE013B-7B2B-410B-9667-DFB060EBC82E}.Release|x86.Build.0 = Release|Any CPU
		{B707CEDF-DECB-4E3B-B282-79C42C0A1D94}.CI_CD|Any CPU.ActiveCfg = CI_CD|Any CPU
		{B707CEDF-DECB-4E3B-B282-79C42C0A1D94}.CI_CD|Any CPU.Build.0 = CI_CD|Any CPU
		{B707CEDF-DECB-4E3B-B282-79C42C0A1D94}.CI_CD|x64.ActiveCfg = CI_CD|Any CPU
		{B707CEDF-DECB-4E3B-B282-79C42C0A1D94}.CI_CD|x64.Build.0 = CI_CD|Any CPU
		{B707CEDF-DECB-4E3B-B282-79C42C0A1D94}.CI_CD|x86.ActiveCfg = CI_CD|Any CPU
		{B707CEDF-DECB-4E3B-B282-79C42C0A1D94}.CI_CD|x86.Build.0 = CI_CD|Any CPU
		{B707CEDF-DECB-4E3B-B282-79C42C0A1D94}.Debug|Any CPU.ActiveCfg = Debug|Any CPU
		{B707CEDF-DECB-4E3B-B282-79C42C0A1D94}.Debug|Any CPU.Build.0 = Debug|Any CPU
		{B707CEDF-DECB-4E3B-B282-79C42C0A1D94}.Debug|x64.ActiveCfg = Debug|Any CPU
		{B707CEDF-DECB-4E3B-B282-79C42C0A1D94}.Debug|x64.Build.0 = Debug|Any CPU
		{B707CEDF-DECB-4E3B-B282-79C42C0A1D94}.Debug|x86.ActiveCfg = Debug|Any CPU
		{B707CEDF-DECB-4E3B-B282-79C42C0A1D94}.Debug|x86.Build.0 = Debug|Any CPU
		{B707CEDF-DECB-4E3B-B282-79C42C0A1D94}.Release|Any CPU.ActiveCfg = Release|Any CPU
		{B707CEDF-DECB-4E3B-B282-79C42C0A1D94}.Release|Any CPU.Build.0 = Release|Any CPU
		{B707CEDF-DECB-4E3B-B282-79C42C0A1D94}.Release|x64.ActiveCfg = Release|Any CPU
		{B707CEDF-DECB-4E3B-B282-79C42C0A1D94}.Release|x64.Build.0 = Release|Any CPU
		{B707CEDF-DECB-4E3B-B282-79C42C0A1D94}.Release|x86.ActiveCfg = Release|Any CPU
		{B707CEDF-DECB-4E3B-B282-79C42C0A1D94}.Release|x86.Build.0 = Release|Any CPU
		{E819EFA9-0B04-464E-80C9-27A84ECF9EB8}.CI_CD|Any CPU.ActiveCfg = Debug|Any CPU
		{E819EFA9-0B04-464E-80C9-27A84ECF9EB8}.CI_CD|x64.ActiveCfg = Debug|Any CPU
		{E819EFA9-0B04-464E-80C9-27A84ECF9EB8}.CI_CD|x64.Build.0 = Debug|Any CPU
		{E819EFA9-0B04-464E-80C9-27A84ECF9EB8}.CI_CD|x86.ActiveCfg = Debug|Any CPU
		{E819EFA9-0B04-464E-80C9-27A84ECF9EB8}.CI_CD|x86.Build.0 = Debug|Any CPU
		{E819EFA9-0B04-464E-80C9-27A84ECF9EB8}.Debug|Any CPU.ActiveCfg = Debug|Any CPU
		{E819EFA9-0B04-464E-80C9-27A84ECF9EB8}.Debug|Any CPU.Build.0 = Debug|Any CPU
		{E819EFA9-0B04-464E-80C9-27A84ECF9EB8}.Debug|x64.ActiveCfg = Debug|Any CPU
		{E819EFA9-0B04-464E-80C9-27A84ECF9EB8}.Debug|x64.Build.0 = Debug|Any CPU
		{E819EFA9-0B04-464E-80C9-27A84ECF9EB8}.Debug|x86.ActiveCfg = Debug|Any CPU
		{E819EFA9-0B04-464E-80C9-27A84ECF9EB8}.Debug|x86.Build.0 = Debug|Any CPU
		{E819EFA9-0B04-464E-80C9-27A84ECF9EB8}.Release|Any CPU.ActiveCfg = Release|Any CPU
		{E819EFA9-0B04-464E-80C9-27A84ECF9EB8}.Release|Any CPU.Build.0 = Release|Any CPU
		{E819EFA9-0B04-464E-80C9-27A84ECF9EB8}.Release|x64.ActiveCfg = Release|Any CPU
		{E819EFA9-0B04-464E-80C9-27A84ECF9EB8}.Release|x64.Build.0 = Release|Any CPU
		{E819EFA9-0B04-464E-80C9-27A84ECF9EB8}.Release|x86.ActiveCfg = Release|Any CPU
		{E819EFA9-0B04-464E-80C9-27A84ECF9EB8}.Release|x86.Build.0 = Release|Any CPU
		{1878F1A6-B870-4AD4-AC7A-62430667740F}.CI_CD|Any CPU.ActiveCfg = CI_CD|Any CPU
		{1878F1A6-B870-4AD4-AC7A-62430667740F}.CI_CD|Any CPU.Build.0 = CI_CD|Any CPU
		{1878F1A6-B870-4AD4-AC7A-62430667740F}.CI_CD|x64.ActiveCfg = CI_CD|Any CPU
		{1878F1A6-B870-4AD4-AC7A-62430667740F}.CI_CD|x64.Build.0 = CI_CD|Any CPU
		{1878F1A6-B870-4AD4-AC7A-62430667740F}.CI_CD|x86.ActiveCfg = CI_CD|Any CPU
		{1878F1A6-B870-4AD4-AC7A-62430667740F}.CI_CD|x86.Build.0 = CI_CD|Any CPU
		{1878F1A6-B870-4AD4-AC7A-62430667740F}.Debug|Any CPU.ActiveCfg = Debug|Any CPU
		{1878F1A6-B870-4AD4-AC7A-62430667740F}.Debug|Any CPU.Build.0 = Debug|Any CPU
		{1878F1A6-B870-4AD4-AC7A-62430667740F}.Debug|x64.ActiveCfg = Debug|Any CPU
		{1878F1A6-B870-4AD4-AC7A-62430667740F}.Debug|x64.Build.0 = Debug|Any CPU
		{1878F1A6-B870-4AD4-AC7A-62430667740F}.Debug|x86.ActiveCfg = Debug|Any CPU
		{1878F1A6-B870-4AD4-AC7A-62430667740F}.Debug|x86.Build.0 = Debug|Any CPU
		{1878F1A6-B870-4AD4-AC7A-62430667740F}.Release|Any CPU.ActiveCfg = Release|Any CPU
		{1878F1A6-B870-4AD4-AC7A-62430667740F}.Release|Any CPU.Build.0 = Release|Any CPU
		{1878F1A6-B870-4AD4-AC7A-62430667740F}.Release|x64.ActiveCfg = Release|Any CPU
		{1878F1A6-B870-4AD4-AC7A-62430667740F}.Release|x64.Build.0 = Release|Any CPU
		{1878F1A6-B870-4AD4-AC7A-62430667740F}.Release|x86.ActiveCfg = Release|Any CPU
		{1878F1A6-B870-4AD4-AC7A-62430667740F}.Release|x86.Build.0 = Release|Any CPU
		{A3DD8AEF-9B08-43AF-9AA7-074F653C0CDF}.CI_CD|Any CPU.ActiveCfg = Debug|Any CPU
		{A3DD8AEF-9B08-43AF-9AA7-074F653C0CDF}.CI_CD|Any CPU.Build.0 = Debug|Any CPU
		{A3DD8AEF-9B08-43AF-9AA7-074F653C0CDF}.CI_CD|x64.ActiveCfg = Debug|Any CPU
		{A3DD8AEF-9B08-43AF-9AA7-074F653C0CDF}.CI_CD|x64.Build.0 = Debug|Any CPU
		{A3DD8AEF-9B08-43AF-9AA7-074F653C0CDF}.CI_CD|x86.ActiveCfg = Debug|Any CPU
		{A3DD8AEF-9B08-43AF-9AA7-074F653C0CDF}.CI_CD|x86.Build.0 = Debug|Any CPU
		{A3DD8AEF-9B08-43AF-9AA7-074F653C0CDF}.Debug|Any CPU.ActiveCfg = Debug|Any CPU
		{A3DD8AEF-9B08-43AF-9AA7-074F653C0CDF}.Debug|Any CPU.Build.0 = Debug|Any CPU
		{A3DD8AEF-9B08-43AF-9AA7-074F653C0CDF}.Debug|x64.ActiveCfg = Debug|Any CPU
		{A3DD8AEF-9B08-43AF-9AA7-074F653C0CDF}.Debug|x64.Build.0 = Debug|Any CPU
		{A3DD8AEF-9B08-43AF-9AA7-074F653C0CDF}.Debug|x86.ActiveCfg = Debug|Any CPU
		{A3DD8AEF-9B08-43AF-9AA7-074F653C0CDF}.Debug|x86.Build.0 = Debug|Any CPU
		{A3DD8AEF-9B08-43AF-9AA7-074F653C0CDF}.Release|Any CPU.ActiveCfg = Release|Any CPU
		{A3DD8AEF-9B08-43AF-9AA7-074F653C0CDF}.Release|Any CPU.Build.0 = Release|Any CPU
		{A3DD8AEF-9B08-43AF-9AA7-074F653C0CDF}.Release|x64.ActiveCfg = Release|Any CPU
		{A3DD8AEF-9B08-43AF-9AA7-074F653C0CDF}.Release|x64.Build.0 = Release|Any CPU
		{A3DD8AEF-9B08-43AF-9AA7-074F653C0CDF}.Release|x86.ActiveCfg = Release|Any CPU
		{A3DD8AEF-9B08-43AF-9AA7-074F653C0CDF}.Release|x86.Build.0 = Release|Any CPU
	EndGlobalSection
	GlobalSection(SolutionProperties) = preSolution
		HideSolutionNode = FALSE
	EndGlobalSection
	GlobalSection(ExtensibilityGlobals) = postSolution
		SolutionGuid = {8475C380-512C-4AB5-9387-EC5C62108FBE}
	EndGlobalSection
EndGlobal
